
Microsoft Visual Studio Solution File, Format Version 12.00
# Visual Studio 15
VisualStudioVersion = 15.0.27428.2015
MinimumVisualStudioVersion = 10.0.40219.1
Project("{8BC9CEB8-8B4A-11D0-8D11-00A0C91BC942}") = "Aufgabe5.2.2", "Aufgabe5.2.2\Aufgabe5.2.2.vcxproj", "{C95FDCBE-96EF-4D9A-9C7C-0EB4366A490D}"
EndProject
Project("{8BC9CEB8-8B4A-11D0-8D11-00A0C91BC942}") = "Aufgabe5.2.1", "Aufgabe5.2.1\Aufgabe5.2.1.vcxproj", "{53D3385B-9A2E-4E53-9146-EA25427A7A9D}"
EndProject
Project("{8BC9CEB8-8B4A-11D0-8D11-00A0C91BC942}") = "Aufgabe5.4.1", "Aufgabe5.4.1\Aufgabe5.4.1.vcxproj", "{85B50A36-D475-4CCE-9B2E-C7001999B410}"
EndProject
Project("{8BC9CEB8-8B4A-11D0-8D11-00A0C91BC942}") = "Aufgabe5.5.1", "Aufgabe5.5.1\Aufgabe5.5.1.vcxproj", "{F7CDAEDA-5C36-452C-AB47-990BFCA550D9}"
EndProject
Project("{8BC9CEB8-8B4A-11D0-8D11-00A0C91BC942}") = "Aufgabe5.6.1", "Aufgabe5.6.1\Aufgabe5.6.1.vcxproj", "{2B3DD256-495F-428B-8C3E-89F69B32FEE8}"
EndProject
Project("{8BC9CEB8-8B4A-11D0-8D11-00A0C91BC942}") = "Aufgabe5.6.2", "Aufgabe5.6.2\Aufgabe5.6.2.vcxproj", "{AE3E00FF-DB15-46F9-B177-E1B28FA9A87B}"
EndProject
Project("{8BC9CEB8-8B4A-11D0-8D11-00A0C91BC942}") = "Aufgabe6.1.1", "Aufgabe6.1.1\Aufgabe6.1.1.vcxproj", "{5F405553-A977-49B1-9100-3CFE3958425A}"
EndProject
Project("{8BC9CEB8-8B4A-11D0-8D11-00A0C91BC942}") = "Aufgabe6.1.2", "Aufgabe6.1.2\Aufgabe6.1.2.vcxproj", "{7DCB642C-BF55-4BBA-9B4D-D3240BF12D4F}"
EndProject
Project("{8BC9CEB8-8B4A-11D0-8D11-00A0C91BC942}") = "Aufgabe6.1.3", "Aufgabe6.1.3\Aufgabe6.1.3.vcxproj", "{81A4A2AC-59EB-4C6E-857F-8FCC9E436558}"
EndProject
Project("{8BC9CEB8-8B4A-11D0-8D11-00A0C91BC942}") = "Aufgabe6.2.1", "Aufgabe6.2.1\Aufgabe6.2.1.vcxproj", "{08CAE241-BB05-4D71-BFC9-BF32A23645C6}"
EndProject
Project("{8BC9CEB8-8B4A-11D0-8D11-00A0C91BC942}") = "Aufgabe6.2.2", "Aufgabe6.2.2\Aufgabe6.2.2.vcxproj", "{8FD30EC4-010C-48DD-AD75-236B68CDA374}"
EndProject
Project("{8BC9CEB8-8B4A-11D0-8D11-00A0C91BC942}") = "Aufgabe6.2.3", "Aufgabe6.2.3\Aufgabe6.2.3.vcxproj", "{5555AFD7-D78D-455D-95AF-C8F4F357E625}"
EndProject
Project("{8BC9CEB8-8B4A-11D0-8D11-00A0C91BC942}") = "Aufgabe7.1.1", "Aufgabe7.1.1\Aufgabe7.1.1.vcxproj", "{69336115-2502-41C5-BA87-AB36642F7244}"
EndProject
Project("{8BC9CEB8-8B4A-11D0-8D11-00A0C91BC942}") = "Aufgabe8.1.1", "Aufgabe8.1.1\Aufgabe8.1.1.vcxproj", "{084FCEAA-370B-4BA5-9222-1AB5DE48DC64}"
EndProject
Project("{8BC9CEB8-8B4A-11D0-8D11-00A0C91BC942}") = "Aufgabe11.1", "Aufgabe11.1\Aufgabe11.1.vcxproj", "{9C67223F-A88A-49F8-8E3D-2681867B01D0}"
EndProject
Project("{8BC9CEB8-8B4A-11D0-8D11-00A0C91BC942}") = "Aufgabe13.1", "Aufgabe13.1\Aufgabe13.1.vcxproj", "{D26937EF-9B60-4D29-9CD9-419DB047F4BC}"
EndProject
Project("{8BC9CEB8-8B4A-11D0-8D11-00A0C91BC942}") = "Aufgabe15.1", "Aufgabe15.1\Aufgabe15.1.vcxproj", "{6190C8F3-3B99-4D4B-AD3B-0B639E10F9DD}"
EndProject
Project("{8BC9CEB8-8B4A-11D0-8D11-00A0C91BC942}") = "Aufgabe16.1", "Aufgabe16.1\Aufgabe16.1.vcxproj", "{0EB186BD-7C6A-42FC-823A-642FD09AF0C3}"
EndProject
Project("{8BC9CEB8-8B4A-11D0-8D11-00A0C91BC942}") = "Aufgabe17.1", "Aufgabe17.1\Aufgabe17.1.vcxproj", "{6ABEA385-88CB-415B-9DE4-BA03E7DBA915}"
EndProject
Project("{8BC9CEB8-8B4A-11D0-8D11-00A0C91BC942}") = "Aufgabe18.1", "Aufgabe18.1\Aufgabe18.1.vcxproj", "{170D4F4D-DAF7-4090-9A97-C15E7CFF714B}"
EndProject
Global
	GlobalSection(SolutionConfigurationPlatforms) = preSolution
		Debug|x64 = Debug|x64
		Debug|x86 = Debug|x86
		Release|x64 = Release|x64
		Release|x86 = Release|x86
	EndGlobalSection
	GlobalSection(ProjectConfigurationPlatforms) = postSolution
		{C95FDCBE-96EF-4D9A-9C7C-0EB4366A490D}.Debug|x64.ActiveCfg = Debug|x64
		{C95FDCBE-96EF-4D9A-9C7C-0EB4366A490D}.Debug|x64.Build.0 = Debug|x64
		{C95FDCBE-96EF-4D9A-9C7C-0EB4366A490D}.Debug|x86.ActiveCfg = Debug|Win32
		{C95FDCBE-96EF-4D9A-9C7C-0EB4366A490D}.Debug|x86.Build.0 = Debug|Win32
		{C95FDCBE-96EF-4D9A-9C7C-0EB4366A490D}.Release|x64.ActiveCfg = Release|x64
		{C95FDCBE-96EF-4D9A-9C7C-0EB4366A490D}.Release|x64.Build.0 = Release|x64
		{C95FDCBE-96EF-4D9A-9C7C-0EB4366A490D}.Release|x86.ActiveCfg = Release|Win32
		{C95FDCBE-96EF-4D9A-9C7C-0EB4366A490D}.Release|x86.Build.0 = Release|Win32
		{53D3385B-9A2E-4E53-9146-EA25427A7A9D}.Debug|x64.ActiveCfg = Debug|x64
		{53D3385B-9A2E-4E53-9146-EA25427A7A9D}.Debug|x64.Build.0 = Debug|x64
		{53D3385B-9A2E-4E53-9146-EA25427A7A9D}.Debug|x86.ActiveCfg = Debug|Win32
		{53D3385B-9A2E-4E53-9146-EA25427A7A9D}.Debug|x86.Build.0 = Debug|Win32
		{53D3385B-9A2E-4E53-9146-EA25427A7A9D}.Release|x64.ActiveCfg = Release|x64
		{53D3385B-9A2E-4E53-9146-EA25427A7A9D}.Release|x64.Build.0 = Release|x64
		{53D3385B-9A2E-4E53-9146-EA25427A7A9D}.Release|x86.ActiveCfg = Release|Win32
		{53D3385B-9A2E-4E53-9146-EA25427A7A9D}.Release|x86.Build.0 = Release|Win32
		{85B50A36-D475-4CCE-9B2E-C7001999B410}.Debug|x64.ActiveCfg = Debug|x64
		{85B50A36-D475-4CCE-9B2E-C7001999B410}.Debug|x64.Build.0 = Debug|x64
		{85B50A36-D475-4CCE-9B2E-C7001999B410}.Debug|x86.ActiveCfg = Debug|Win32
		{85B50A36-D475-4CCE-9B2E-C7001999B410}.Debug|x86.Build.0 = Debug|Win32
		{85B50A36-D475-4CCE-9B2E-C7001999B410}.Release|x64.ActiveCfg = Release|x64
		{85B50A36-D475-4CCE-9B2E-C7001999B410}.Release|x64.Build.0 = Release|x64
		{85B50A36-D475-4CCE-9B2E-C7001999B410}.Release|x86.ActiveCfg = Release|Win32
		{85B50A36-D475-4CCE-9B2E-C7001999B410}.Release|x86.Build.0 = Release|Win32
		{F7CDAEDA-5C36-452C-AB47-990BFCA550D9}.Debug|x64.ActiveCfg = Debug|x64
		{F7CDAEDA-5C36-452C-AB47-990BFCA550D9}.Debug|x64.Build.0 = Debug|x64
		{F7CDAEDA-5C36-452C-AB47-990BFCA550D9}.Debug|x86.ActiveCfg = Debug|Win32
		{F7CDAEDA-5C36-452C-AB47-990BFCA550D9}.Debug|x86.Build.0 = Debug|Win32
		{F7CDAEDA-5C36-452C-AB47-990BFCA550D9}.Release|x64.ActiveCfg = Release|x64
		{F7CDAEDA-5C36-452C-AB47-990BFCA550D9}.Release|x64.Build.0 = Release|x64
		{F7CDAEDA-5C36-452C-AB47-990BFCA550D9}.Release|x86.ActiveCfg = Release|Win32
		{F7CDAEDA-5C36-452C-AB47-990BFCA550D9}.Release|x86.Build.0 = Release|Win32
		{2B3DD256-495F-428B-8C3E-89F69B32FEE8}.Debug|x64.ActiveCfg = Debug|x64
		{2B3DD256-495F-428B-8C3E-89F69B32FEE8}.Debug|x64.Build.0 = Debug|x64
		{2B3DD256-495F-428B-8C3E-89F69B32FEE8}.Debug|x86.ActiveCfg = Debug|Win32
		{2B3DD256-495F-428B-8C3E-89F69B32FEE8}.Debug|x86.Build.0 = Debug|Win32
		{2B3DD256-495F-428B-8C3E-89F69B32FEE8}.Release|x64.ActiveCfg = Release|x64
		{2B3DD256-495F-428B-8C3E-89F69B32FEE8}.Release|x64.Build.0 = Release|x64
		{2B3DD256-495F-428B-8C3E-89F69B32FEE8}.Release|x86.ActiveCfg = Release|Win32
		{2B3DD256-495F-428B-8C3E-89F69B32FEE8}.Release|x86.Build.0 = Release|Win32
		{AE3E00FF-DB15-46F9-B177-E1B28FA9A87B}.Debug|x64.ActiveCfg = Debug|x64
		{AE3E00FF-DB15-46F9-B177-E1B28FA9A87B}.Debug|x64.Build.0 = Debug|x64
		{AE3E00FF-DB15-46F9-B177-E1B28FA9A87B}.Debug|x86.ActiveCfg = Debug|Win32
		{AE3E00FF-DB15-46F9-B177-E1B28FA9A87B}.Debug|x86.Build.0 = Debug|Win32
		{AE3E00FF-DB15-46F9-B177-E1B28FA9A87B}.Release|x64.ActiveCfg = Release|x64
		{AE3E00FF-DB15-46F9-B177-E1B28FA9A87B}.Release|x64.Build.0 = Release|x64
		{AE3E00FF-DB15-46F9-B177-E1B28FA9A87B}.Release|x86.ActiveCfg = Release|Win32
		{AE3E00FF-DB15-46F9-B177-E1B28FA9A87B}.Release|x86.Build.0 = Release|Win32
		{5F405553-A977-49B1-9100-3CFE3958425A}.Debug|x64.ActiveCfg = Debug|x64
		{5F405553-A977-49B1-9100-3CFE3958425A}.Debug|x64.Build.0 = Debug|x64
		{5F405553-A977-49B1-9100-3CFE3958425A}.Debug|x86.ActiveCfg = Debug|Win32
		{5F405553-A977-49B1-9100-3CFE3958425A}.Debug|x86.Build.0 = Debug|Win32
		{5F405553-A977-49B1-9100-3CFE3958425A}.Release|x64.ActiveCfg = Release|x64
		{5F405553-A977-49B1-9100-3CFE3958425A}.Release|x64.Build.0 = Release|x64
		{5F405553-A977-49B1-9100-3CFE3958425A}.Release|x86.ActiveCfg = Release|Win32
		{5F405553-A977-49B1-9100-3CFE3958425A}.Release|x86.Build.0 = Release|Win32
		{7DCB642C-BF55-4BBA-9B4D-D3240BF12D4F}.Debug|x64.ActiveCfg = Debug|x64
		{7DCB642C-BF55-4BBA-9B4D-D3240BF12D4F}.Debug|x64.Build.0 = Debug|x64
		{7DCB642C-BF55-4BBA-9B4D-D3240BF12D4F}.Debug|x86.ActiveCfg = Debug|Win32
		{7DCB642C-BF55-4BBA-9B4D-D3240BF12D4F}.Debug|x86.Build.0 = Debug|Win32
		{7DCB642C-BF55-4BBA-9B4D-D3240BF12D4F}.Release|x64.ActiveCfg = Release|x64
		{7DCB642C-BF55-4BBA-9B4D-D3240BF12D4F}.Release|x64.Build.0 = Release|x64
		{7DCB642C-BF55-4BBA-9B4D-D3240BF12D4F}.Release|x86.ActiveCfg = Release|Win32
		{7DCB642C-BF55-4BBA-9B4D-D3240BF12D4F}.Release|x86.Build.0 = Release|Win32
		{81A4A2AC-59EB-4C6E-857F-8FCC9E436558}.Debug|x64.ActiveCfg = Debug|x64
		{81A4A2AC-59EB-4C6E-857F-8FCC9E436558}.Debug|x64.Build.0 = Debug|x64
		{81A4A2AC-59EB-4C6E-857F-8FCC9E436558}.Debug|x86.ActiveCfg = Debug|Win32
		{81A4A2AC-59EB-4C6E-857F-8FCC9E436558}.Debug|x86.Build.0 = Debug|Win32
		{81A4A2AC-59EB-4C6E-857F-8FCC9E436558}.Release|x64.ActiveCfg = Release|x64
		{81A4A2AC-59EB-4C6E-857F-8FCC9E436558}.Release|x64.Build.0 = Release|x64
		{81A4A2AC-59EB-4C6E-857F-8FCC9E436558}.Release|x86.ActiveCfg = Release|Win32
		{81A4A2AC-59EB-4C6E-857F-8FCC9E436558}.Release|x86.Build.0 = Release|Win32
		{08CAE241-BB05-4D71-BFC9-BF32A23645C6}.Debug|x64.ActiveCfg = Debug|x64
		{08CAE241-BB05-4D71-BFC9-BF32A23645C6}.Debug|x64.Build.0 = Debug|x64
		{08CAE241-BB05-4D71-BFC9-BF32A23645C6}.Debug|x86.ActiveCfg = Debug|Win32
		{08CAE241-BB05-4D71-BFC9-BF32A23645C6}.Debug|x86.Build.0 = Debug|Win32
		{08CAE241-BB05-4D71-BFC9-BF32A23645C6}.Release|x64.ActiveCfg = Release|x64
		{08CAE241-BB05-4D71-BFC9-BF32A23645C6}.Release|x64.Build.0 = Release|x64
		{08CAE241-BB05-4D71-BFC9-BF32A23645C6}.Release|x86.ActiveCfg = Release|Win32
		{08CAE241-BB05-4D71-BFC9-BF32A23645C6}.Release|x86.Build.0 = Release|Win32
		{8FD30EC4-010C-48DD-AD75-236B68CDA374}.Debug|x64.ActiveCfg = Debug|x64
		{8FD30EC4-010C-48DD-AD75-236B68CDA374}.Debug|x64.Build.0 = Debug|x64
		{8FD30EC4-010C-48DD-AD75-236B68CDA374}.Debug|x86.ActiveCfg = Debug|Win32
		{8FD30EC4-010C-48DD-AD75-236B68CDA374}.Debug|x86.Build.0 = Debug|Win32
		{8FD30EC4-010C-48DD-AD75-236B68CDA374}.Release|x64.ActiveCfg = Release|x64
		{8FD30EC4-010C-48DD-AD75-236B68CDA374}.Release|x64.Build.0 = Release|x64
		{8FD30EC4-010C-48DD-AD75-236B68CDA374}.Release|x86.ActiveCfg = Release|Win32
		{8FD30EC4-010C-48DD-AD75-236B68CDA374}.Release|x86.Build.0 = Release|Win32
		{5555AFD7-D78D-455D-95AF-C8F4F357E625}.Debug|x64.ActiveCfg = Debug|x64
		{5555AFD7-D78D-455D-95AF-C8F4F357E625}.Debug|x64.Build.0 = Debug|x64
		{5555AFD7-D78D-455D-95AF-C8F4F357E625}.Debug|x86.ActiveCfg = Debug|Win32
		{5555AFD7-D78D-455D-95AF-C8F4F357E625}.Debug|x86.Build.0 = Debug|Win32
		{5555AFD7-D78D-455D-95AF-C8F4F357E625}.Release|x64.ActiveCfg = Release|x64
		{5555AFD7-D78D-455D-95AF-C8F4F357E625}.Release|x64.Build.0 = Release|x64
		{5555AFD7-D78D-455D-95AF-C8F4F357E625}.Release|x86.ActiveCfg = Release|Win32
		{5555AFD7-D78D-455D-95AF-C8F4F357E625}.Release|x86.Build.0 = Release|Win32
		{69336115-2502-41C5-BA87-AB36642F7244}.Debug|x64.ActiveCfg = Debug|x64
		{69336115-2502-41C5-BA87-AB36642F7244}.Debug|x64.Build.0 = Debug|x64
		{69336115-2502-41C5-BA87-AB36642F7244}.Debug|x86.ActiveCfg = Debug|Win32
		{69336115-2502-41C5-BA87-AB36642F7244}.Debug|x86.Build.0 = Debug|Win32
		{69336115-2502-41C5-BA87-AB36642F7244}.Release|x64.ActiveCfg = Release|x64
		{69336115-2502-41C5-BA87-AB36642F7244}.Release|x64.Build.0 = Release|x64
		{69336115-2502-41C5-BA87-AB36642F7244}.Release|x86.ActiveCfg = Release|Win32
		{69336115-2502-41C5-BA87-AB36642F7244}.Release|x86.Build.0 = Release|Win32
		{084FCEAA-370B-4BA5-9222-1AB5DE48DC64}.Debug|x64.ActiveCfg = Debug|x64
		{084FCEAA-370B-4BA5-9222-1AB5DE48DC64}.Debug|x64.Build.0 = Debug|x64
		{084FCEAA-370B-4BA5-9222-1AB5DE48DC64}.Debug|x86.ActiveCfg = Debug|Win32
		{084FCEAA-370B-4BA5-9222-1AB5DE48DC64}.Debug|x86.Build.0 = Debug|Win32
		{084FCEAA-370B-4BA5-9222-1AB5DE48DC64}.Release|x64.ActiveCfg = Release|x64
		{084FCEAA-370B-4BA5-9222-1AB5DE48DC64}.Release|x64.Build.0 = Release|x64
		{084FCEAA-370B-4BA5-9222-1AB5DE48DC64}.Release|x86.ActiveCfg = Release|Win32
		{084FCEAA-370B-4BA5-9222-1AB5DE48DC64}.Release|x86.Build.0 = Release|Win32
		{9C67223F-A88A-49F8-8E3D-2681867B01D0}.Debug|x64.ActiveCfg = Debug|x64
		{9C67223F-A88A-49F8-8E3D-2681867B01D0}.Debug|x64.Build.0 = Debug|x64
		{9C67223F-A88A-49F8-8E3D-2681867B01D0}.Debug|x86.ActiveCfg = Debug|Win32
		{9C67223F-A88A-49F8-8E3D-2681867B01D0}.Debug|x86.Build.0 = Debug|Win32
		{9C67223F-A88A-49F8-8E3D-2681867B01D0}.Release|x64.ActiveCfg = Release|x64
		{9C67223F-A88A-49F8-8E3D-2681867B01D0}.Release|x64.Build.0 = Release|x64
		{9C67223F-A88A-49F8-8E3D-2681867B01D0}.Release|x86.ActiveCfg = Release|Win32
		{9C67223F-A88A-49F8-8E3D-2681867B01D0}.Release|x86.Build.0 = Release|Win32
		{D26937EF-9B60-4D29-9CD9-419DB047F4BC}.Debug|x64.ActiveCfg = Debug|x64
		{D26937EF-9B60-4D29-9CD9-419DB047F4BC}.Debug|x64.Build.0 = Debug|x64
		{D26937EF-9B60-4D29-9CD9-419DB047F4BC}.Debug|x86.ActiveCfg = Debug|Win32
		{D26937EF-9B60-4D29-9CD9-419DB047F4BC}.Debug|x86.Build.0 = Debug|Win32
		{D26937EF-9B60-4D29-9CD9-419DB047F4BC}.Release|x64.ActiveCfg = Release|x64
		{D26937EF-9B60-4D29-9CD9-419DB047F4BC}.Release|x64.Build.0 = Release|x64
		{D26937EF-9B60-4D29-9CD9-419DB047F4BC}.Release|x86.ActiveCfg = Release|Win32
		{D26937EF-9B60-4D29-9CD9-419DB047F4BC}.Release|x86.Build.0 = Release|Win32
		{6190C8F3-3B99-4D4B-AD3B-0B639E10F9DD}.Debug|x64.ActiveCfg = Debug|x64
		{6190C8F3-3B99-4D4B-AD3B-0B639E10F9DD}.Debug|x64.Build.0 = Debug|x64
		{6190C8F3-3B99-4D4B-AD3B-0B639E10F9DD}.Debug|x86.ActiveCfg = Debug|Win32
		{6190C8F3-3B99-4D4B-AD3B-0B639E10F9DD}.Debug|x86.Build.0 = Debug|Win32
		{6190C8F3-3B99-4D4B-AD3B-0B639E10F9DD}.Release|x64.ActiveCfg = Release|x64
		{6190C8F3-3B99-4D4B-AD3B-0B639E10F9DD}.Release|x64.Build.0 = Release|x64
		{6190C8F3-3B99-4D4B-AD3B-0B639E10F9DD}.Release|x86.ActiveCfg = Release|Win32
		{6190C8F3-3B99-4D4B-AD3B-0B639E10F9DD}.Release|x86.Build.0 = Release|Win32
		{0EB186BD-7C6A-42FC-823A-642FD09AF0C3}.Debug|x64.ActiveCfg = Debug|x64
		{0EB186BD-7C6A-42FC-823A-642FD09AF0C3}.Debug|x64.Build.0 = Debug|x64
		{0EB186BD-7C6A-42FC-823A-642FD09AF0C3}.Debug|x86.ActiveCfg = Debug|Win32
		{0EB186BD-7C6A-42FC-823A-642FD09AF0C3}.Debug|x86.Build.0 = Debug|Win32
		{0EB186BD-7C6A-42FC-823A-642FD09AF0C3}.Release|x64.ActiveCfg = Release|x64
		{0EB186BD-7C6A-42FC-823A-642FD09AF0C3}.Release|x64.Build.0 = Release|x64
		{0EB186BD-7C6A-42FC-823A-642FD09AF0C3}.Release|x86.ActiveCfg = Release|Win32
		{0EB186BD-7C6A-42FC-823A-642FD09AF0C3}.Release|x86.Build.0 = Release|Win32
		{6ABEA385-88CB-415B-9DE4-BA03E7DBA915}.Debug|x64.ActiveCfg = Debug|x64
		{6ABEA385-88CB-415B-9DE4-BA03E7DBA915}.Debug|x64.Build.0 = Debug|x64
		{6ABEA385-88CB-415B-9DE4-BA03E7DBA915}.Debug|x86.ActiveCfg = Debug|Win32
		{6ABEA385-88CB-415B-9DE4-BA03E7DBA915}.Debug|x86.Build.0 = Debug|Win32
		{6ABEA385-88CB-415B-9DE4-BA03E7DBA915}.Release|x64.ActiveCfg = Release|x64
		{6ABEA385-88CB-415B-9DE4-BA03E7DBA915}.Release|x64.Build.0 = Release|x64
		{6ABEA385-88CB-415B-9DE4-BA03E7DBA915}.Release|x86.ActiveCfg = Release|Win32
		{6ABEA385-88CB-415B-9DE4-BA03E7DBA915}.Release|x86.Build.0 = Release|Win32
		{170D4F4D-DAF7-4090-9A97-C15E7CFF714B}.Debug|x64.ActiveCfg = Debug|x64
		{170D4F4D-DAF7-4090-9A97-C15E7CFF714B}.Debug|x64.Build.0 = Debug|x64
		{170D4F4D-DAF7-4090-9A97-C15E7CFF714B}.Debug|x86.ActiveCfg = Debug|Win32
		{170D4F4D-DAF7-4090-9A97-C15E7CFF714B}.Debug|x86.Build.0 = Debug|Win32
		{170D4F4D-DAF7-4090-9A97-C15E7CFF714B}.Release|x64.ActiveCfg = Release|x64
		{170D4F4D-DAF7-4090-9A97-C15E7CFF714B}.Release|x64.Build.0 = Release|x64
		{170D4F4D-DAF7-4090-9A97-C15E7CFF714B}.Release|x86.ActiveCfg = Release|Win32
		{170D4F4D-DAF7-4090-9A97-C15E7CFF714B}.Release|x86.Build.0 = Release|Win32
	EndGlobalSection
	GlobalSection(SolutionProperties) = preSolution
		HideSolutionNode = FALSE
	EndGlobalSection
	GlobalSection(ExtensibilityGlobals) = postSolution
		SolutionGuid = {CBEDE362-4292-43FE-9DEC-3DE9CFB9118B}
	EndGlobalSection
EndGlobal
